// !$*UTF8*$!
{
	archiveVersion = 1;
	classes = {
	};
	objectVersion = 46;
	objects = {

/* Begin PBXBuildFile section */
		6587EF7F242DED0E00F34DA4 /* QueueService_NSURLConnectionRequest.m in Sources */ = {isa = PBXBuildFile; fileRef = 6587EF6B242DED0D00F34DA4 /* QueueService_NSURLConnectionRequest.m */; };
		6587EF80242DED0E00F34DA4 /* QueueITEngine.m in Sources */ = {isa = PBXBuildFile; fileRef = 6587EF6C242DED0D00F34DA4 /* QueueITEngine.m */; };
		6587EF81242DED0E00F34DA4 /* Reachability.m in Sources */ = {isa = PBXBuildFile; fileRef = 6587EF6D242DED0D00F34DA4 /* Reachability.m */; };
		6587EF82242DED0E00F34DA4 /* IOSUtils.m in Sources */ = {isa = PBXBuildFile; fileRef = 6587EF70242DED0D00F34DA4 /* IOSUtils.m */; };
		6587EF83242DED0E00F34DA4 /* QueueService_NSURLConnection.m in Sources */ = {isa = PBXBuildFile; fileRef = 6587EF74242DED0D00F34DA4 /* QueueService_NSURLConnection.m */; };
		6587EF84242DED0E00F34DA4 /* QueueCache.m in Sources */ = {isa = PBXBuildFile; fileRef = 6587EF75242DED0D00F34DA4 /* QueueCache.m */; };
		6587EF85242DED0E00F34DA4 /* QueueService.m in Sources */ = {isa = PBXBuildFile; fileRef = 6587EF76242DED0E00F34DA4 /* QueueService.m */; };
		6587EF86242DED0E00F34DA4 /* QueueITWKViewController.m in Sources */ = {isa = PBXBuildFile; fileRef = 6587EF78242DED0E00F34DA4 /* QueueITWKViewController.m */; };
		6587EF87242DED0E00F34DA4 /* QueuePassedInfo.m in Sources */ = {isa = PBXBuildFile; fileRef = 6587EF79242DED0E00F34DA4 /* QueuePassedInfo.m */; };
		65D5C4DE242DFC5100F8ADEF /* QueueStatus.m in Sources */ = {isa = PBXBuildFile; fileRef = 65D5C4DB242DFC5100F8ADEF /* QueueStatus.m */; };
/* End PBXBuildFile section */

/* Begin PBXCopyFilesBuildPhase section */
		1DE12F821B57E2ED00DD3BBE /* CopyFiles */ = {
			isa = PBXCopyFilesBuildPhase;
			buildActionMask = 2147483647;
			dstPath = "include/$(PRODUCT_NAME)";
			dstSubfolderSpec = 16;
			files = (
			);
			runOnlyForDeploymentPostprocessing = 0;
		};
/* End PBXCopyFilesBuildPhase section */

/* Begin PBXFileReference section */
		1DE12F841B57E2ED00DD3BBE /* libQueueITLib.a */ = {isa = PBXFileReference; explicitFileType = archive.ar; includeInIndex = 0; path = libQueueITLib.a; sourceTree = BUILT_PRODUCTS_DIR; };
		6587EF6B242DED0D00F34DA4 /* QueueService_NSURLConnectionRequest.m */ = {isa = PBXFileReference; fileEncoding = 4; lastKnownFileType = sourcecode.c.objc; path = QueueService_NSURLConnectionRequest.m; sourceTree = "<group>"; };
		6587EF6C242DED0D00F34DA4 /* QueueITEngine.m */ = {isa = PBXFileReference; fileEncoding = 4; lastKnownFileType = sourcecode.c.objc; path = QueueITEngine.m; sourceTree = "<group>"; };
		6587EF6D242DED0D00F34DA4 /* Reachability.m */ = {isa = PBXFileReference; fileEncoding = 4; lastKnownFileType = sourcecode.c.objc; path = Reachability.m; sourceTree = "<group>"; };
		6587EF6F242DED0D00F34DA4 /* QueueITWKViewController.h */ = {isa = PBXFileReference; fileEncoding = 4; lastKnownFileType = sourcecode.c.h; path = QueueITWKViewController.h; sourceTree = "<group>"; };
		6587EF70242DED0D00F34DA4 /* IOSUtils.m */ = {isa = PBXFileReference; fileEncoding = 4; lastKnownFileType = sourcecode.c.objc; path = IOSUtils.m; sourceTree = "<group>"; };
		6587EF71242DED0D00F34DA4 /* QueueService_NSURLConnectionRequest.h */ = {isa = PBXFileReference; fileEncoding = 4; lastKnownFileType = sourcecode.c.h; path = QueueService_NSURLConnectionRequest.h; sourceTree = "<group>"; };
		6587EF73242DED0D00F34DA4 /* QueueCache.h */ = {isa = PBXFileReference; fileEncoding = 4; lastKnownFileType = sourcecode.c.h; path = QueueCache.h; sourceTree = "<group>"; };
		6587EF74242DED0D00F34DA4 /* QueueService_NSURLConnection.m */ = {isa = PBXFileReference; fileEncoding = 4; lastKnownFileType = sourcecode.c.objc; path = QueueService_NSURLConnection.m; sourceTree = "<group>"; };
		6587EF75242DED0D00F34DA4 /* QueueCache.m */ = {isa = PBXFileReference; fileEncoding = 4; lastKnownFileType = sourcecode.c.objc; path = QueueCache.m; sourceTree = "<group>"; };
		6587EF76242DED0E00F34DA4 /* QueueService.m */ = {isa = PBXFileReference; fileEncoding = 4; lastKnownFileType = sourcecode.c.objc; path = QueueService.m; sourceTree = "<group>"; };
		6587EF77242DED0E00F34DA4 /* QueueStatus.h */ = {isa = PBXFileReference; fileEncoding = 4; lastKnownFileType = sourcecode.c.h; path = QueueStatus.h; sourceTree = "<group>"; };
		6587EF78242DED0E00F34DA4 /* QueueITWKViewController.m */ = {isa = PBXFileReference; fileEncoding = 4; lastKnownFileType = sourcecode.c.objc; path = QueueITWKViewController.m; sourceTree = "<group>"; };
		6587EF79242DED0E00F34DA4 /* QueuePassedInfo.m */ = {isa = PBXFileReference; fileEncoding = 4; lastKnownFileType = sourcecode.c.objc; path = QueuePassedInfo.m; sourceTree = "<group>"; };
		6587EF7A242DED0E00F34DA4 /* QueueService_NSURLConnection.h */ = {isa = PBXFileReference; fileEncoding = 4; lastKnownFileType = sourcecode.c.h; path = QueueService_NSURLConnection.h; sourceTree = "<group>"; };
		6587EF7C242DED0E00F34DA4 /* IOSUtils.h */ = {isa = PBXFileReference; fileEncoding = 4; lastKnownFileType = sourcecode.c.h; path = IOSUtils.h; sourceTree = "<group>"; };
		65D5C4D9242DF6FA00F8ADEF /* QueueITEngine.h */ = {isa = PBXFileReference; fileEncoding = 4; lastKnownFileType = sourcecode.c.h; path = QueueITEngine.h; sourceTree = "<group>"; };
		65D5C4DA242DFC5100F8ADEF /* QueuePassedInfo.h */ = {isa = PBXFileReference; fileEncoding = 4; lastKnownFileType = sourcecode.c.h; path = QueuePassedInfo.h; sourceTree = "<group>"; };
		65D5C4DB242DFC5100F8ADEF /* QueueStatus.m */ = {isa = PBXFileReference; fileEncoding = 4; lastKnownFileType = sourcecode.c.objc; path = QueueStatus.m; sourceTree = "<group>"; };
		65D5C4DC242DFC5100F8ADEF /* QueueService.h */ = {isa = PBXFileReference; fileEncoding = 4; lastKnownFileType = sourcecode.c.h; path = QueueService.h; sourceTree = "<group>"; };
		65D5C4DD242DFC5100F8ADEF /* Reachability.h */ = {isa = PBXFileReference; fileEncoding = 4; lastKnownFileType = sourcecode.c.h; path = Reachability.h; sourceTree = "<group>"; };
		65D5C4E6242E0ED800F8ADEF /* QueueITEngine.h */ = {isa = PBXFileReference; fileEncoding = 4; lastKnownFileType = sourcecode.c.h; path = QueueITEngine.h; sourceTree = "<group>"; };
		65D5C4EA242E166D00F8ADEF /* QueuePassedInfo.h */ = {isa = PBXFileReference; fileEncoding = 4; lastKnownFileType = sourcecode.c.h; path = QueuePassedInfo.h; sourceTree = "<group>"; };
/* End PBXFileReference section */

/* Begin PBXFrameworksBuildPhase section */
		1DE12F811B57E2ED00DD3BBE /* Frameworks */ = {
			isa = PBXFrameworksBuildPhase;
			buildActionMask = 2147483647;
			files = (
			);
			runOnlyForDeploymentPostprocessing = 0;
		};
/* End PBXFrameworksBuildPhase section */

/* Begin PBXGroup section */
		1DE12F7B1B57E2EC00DD3BBE = {
			isa = PBXGroup;
			children = (
				65D5C4E4242E0E1400F8ADEF /* QueueITLibrary */,
				1DE12F851B57E2ED00DD3BBE /* Products */,
			);
			sourceTree = "<group>";
		};
		1DE12F851B57E2ED00DD3BBE /* Products */ = {
			isa = PBXGroup;
			children = (
				1DE12F841B57E2ED00DD3BBE /* libQueueITLib.a */,
			);
			name = Products;
			sourceTree = "<group>";
		};
		6587EF69242DE92800F34DA4 /* include */ = {
			isa = PBXGroup;
			children = (
				65D5C4EA242E166D00F8ADEF /* QueuePassedInfo.h */,
				65D5C4D9242DF6FA00F8ADEF /* QueueITEngine.h */,
			);
			path = include;
			sourceTree = "<group>";
		};
		65D5C4E4242E0E1400F8ADEF /* QueueITLibrary */ = {
			isa = PBXGroup;
			children = (
				6587EF69242DE92800F34DA4 /* include */,
				6587EF7C242DED0E00F34DA4 /* IOSUtils.h */,
				6587EF70242DED0D00F34DA4 /* IOSUtils.m */,
				6587EF73242DED0D00F34DA4 /* QueueCache.h */,
				6587EF75242DED0D00F34DA4 /* QueueCache.m */,
				65D5C4E6242E0ED800F8ADEF /* QueueITEngine.h */,
				6587EF6C242DED0D00F34DA4 /* QueueITEngine.m */,
				6587EF6F242DED0D00F34DA4 /* QueueITWKViewController.h */,
				6587EF78242DED0E00F34DA4 /* QueueITWKViewController.m */,
				65D5C4DA242DFC5100F8ADEF /* QueuePassedInfo.h */,
				6587EF79242DED0E00F34DA4 /* QueuePassedInfo.m */,
				6587EF7A242DED0E00F34DA4 /* QueueService_NSURLConnection.h */,
				6587EF74242DED0D00F34DA4 /* QueueService_NSURLConnection.m */,
				6587EF71242DED0D00F34DA4 /* QueueService_NSURLConnectionRequest.h */,
				6587EF6B242DED0D00F34DA4 /* QueueService_NSURLConnectionRequest.m */,
				65D5C4DC242DFC5100F8ADEF /* QueueService.h */,
				6587EF76242DED0E00F34DA4 /* QueueService.m */,
				6587EF77242DED0E00F34DA4 /* QueueStatus.h */,
				65D5C4DB242DFC5100F8ADEF /* QueueStatus.m */,
				65D5C4DD242DFC5100F8ADEF /* Reachability.h */,
				6587EF6D242DED0D00F34DA4 /* Reachability.m */,
			);
			path = QueueITLibrary;
			sourceTree = "<group>";
		};
/* End PBXGroup section */

/* Begin PBXNativeTarget section */
		1DE12F831B57E2ED00DD3BBE /* QueueITLib */ = {
			isa = PBXNativeTarget;
			buildConfigurationList = 1DE12F981B57E2EE00DD3BBE /* Build configuration list for PBXNativeTarget "QueueITLib" */;
			buildPhases = (
				1DE12F801B57E2ED00DD3BBE /* Sources */,
				1DE12F811B57E2ED00DD3BBE /* Frameworks */,
				1DE12F821B57E2ED00DD3BBE /* CopyFiles */,
			);
			buildRules = (
			);
			dependencies = (
			);
			name = QueueITLib;
			productName = QueueITLib;
			productReference = 1DE12F841B57E2ED00DD3BBE /* libQueueITLib.a */;
			productType = "com.apple.product-type.library.static";
		};
/* End PBXNativeTarget section */

/* Begin PBXProject section */
		1DE12F7C1B57E2EC00DD3BBE /* Project object */ = {
			isa = PBXProject;
			attributes = {
				LastUpgradeCheck = 1110;
				ORGANIZATIONNAME = Qeueuit;
				TargetAttributes = {
					1DE12F831B57E2ED00DD3BBE = {
						CreatedOnToolsVersion = 6.3.2;
					};
				};
			};
			buildConfigurationList = 1DE12F7F1B57E2ED00DD3BBE /* Build configuration list for PBXProject "QueueITLib" */;
			compatibilityVersion = "Xcode 3.2";
			developmentRegion = en;
			hasScannedForEncodings = 0;
			knownRegions = (
				en,
				Base,
			);
			mainGroup = 1DE12F7B1B57E2EC00DD3BBE;
			productRefGroup = 1DE12F851B57E2ED00DD3BBE /* Products */;
			projectDirPath = "";
			projectRoot = "";
			targets = (
				1DE12F831B57E2ED00DD3BBE /* QueueITLib */,
			);
		};
/* End PBXProject section */

/* Begin PBXSourcesBuildPhase section */
		1DE12F801B57E2ED00DD3BBE /* Sources */ = {
			isa = PBXSourcesBuildPhase;
			buildActionMask = 2147483647;
			files = (
				6587EF80242DED0E00F34DA4 /* QueueITEngine.m in Sources */,
				6587EF82242DED0E00F34DA4 /* IOSUtils.m in Sources */,
				6587EF85242DED0E00F34DA4 /* QueueService.m in Sources */,
				6587EF81242DED0E00F34DA4 /* Reachability.m in Sources */,
				6587EF83242DED0E00F34DA4 /* QueueService_NSURLConnection.m in Sources */,
				65D5C4DE242DFC5100F8ADEF /* QueueStatus.m in Sources */,
				6587EF84242DED0E00F34DA4 /* QueueCache.m in Sources */,
				6587EF7F242DED0E00F34DA4 /* QueueService_NSURLConnectionRequest.m in Sources */,
				6587EF86242DED0E00F34DA4 /* QueueITWKViewController.m in Sources */,
				6587EF87242DED0E00F34DA4 /* QueuePassedInfo.m in Sources */,
			);
			runOnlyForDeploymentPostprocessing = 0;
		};
/* End PBXSourcesBuildPhase section */

/* Begin XCBuildConfiguration section */
		1DE12F961B57E2EE00DD3BBE /* Debug */ = {
			isa = XCBuildConfiguration;
			buildSettings = {
				ALWAYS_SEARCH_USER_PATHS = NO;
				CLANG_ANALYZER_LOCALIZABILITY_NONLOCALIZED = YES;
				CLANG_CXX_LANGUAGE_STANDARD = "gnu++0x";
				CLANG_CXX_LIBRARY = "libc++";
				CLANG_ENABLE_MODULES = YES;
				CLANG_ENABLE_OBJC_ARC = YES;
				CLANG_WARN_BLOCK_CAPTURE_AUTORELEASING = YES;
				CLANG_WARN_BOOL_CONVERSION = YES;
				CLANG_WARN_COMMA = YES;
				CLANG_WARN_CONSTANT_CONVERSION = YES;
				CLANG_WARN_DEPRECATED_OBJC_IMPLEMENTATIONS = YES;
				CLANG_WARN_DIRECT_OBJC_ISA_USAGE = YES_ERROR;
				CLANG_WARN_EMPTY_BODY = YES;
				CLANG_WARN_ENUM_CONVERSION = YES;
				CLANG_WARN_INFINITE_RECURSION = YES;
				CLANG_WARN_INT_CONVERSION = YES;
				CLANG_WARN_NON_LITERAL_NULL_CONVERSION = YES;
				CLANG_WARN_OBJC_IMPLICIT_RETAIN_SELF = YES;
				CLANG_WARN_OBJC_LITERAL_CONVERSION = YES;
				CLANG_WARN_OBJC_ROOT_CLASS = YES_ERROR;
				CLANG_WARN_RANGE_LOOP_ANALYSIS = YES;
				CLANG_WARN_STRICT_PROTOTYPES = YES;
				CLANG_WARN_SUSPICIOUS_MOVE = YES;
				CLANG_WARN_UNREACHABLE_CODE = YES;
				CLANG_WARN__DUPLICATE_METHOD_MATCH = YES;
				COPY_PHASE_STRIP = NO;
				DEBUG_INFORMATION_FORMAT = "dwarf-with-dsym";
				ENABLE_STRICT_OBJC_MSGSEND = YES;
				ENABLE_TESTABILITY = YES;
				GCC_C_LANGUAGE_STANDARD = gnu99;
				GCC_DYNAMIC_NO_PIC = NO;
				GCC_NO_COMMON_BLOCKS = YES;
				GCC_OPTIMIZATION_LEVEL = 0;
				GCC_PREPROCESSOR_DEFINITIONS = (
					"DEBUG=1",
					"$(inherited)",
				);
				GCC_SYMBOLS_PRIVATE_EXTERN = NO;
				GCC_WARN_64_TO_32_BIT_CONVERSION = YES;
				GCC_WARN_ABOUT_RETURN_TYPE = YES_ERROR;
				GCC_WARN_UNDECLARED_SELECTOR = YES;
				GCC_WARN_UNINITIALIZED_AUTOS = YES_AGGRESSIVE;
				GCC_WARN_UNUSED_FUNCTION = YES;
				GCC_WARN_UNUSED_VARIABLE = YES;
				IPHONEOS_DEPLOYMENT_TARGET = 9.3;
				MTL_ENABLE_DEBUG_INFO = YES;
				ONLY_ACTIVE_ARCH = YES;
				SDKROOT = iphoneos;
				TARGETED_DEVICE_FAMILY = "1,2";
			};
			name = Debug;
		};
		1DE12F971B57E2EE00DD3BBE /* Release */ = {
			isa = XCBuildConfiguration;
			buildSettings = {
				ALWAYS_SEARCH_USER_PATHS = NO;
				CLANG_ANALYZER_LOCALIZABILITY_NONLOCALIZED = YES;
				CLANG_CXX_LANGUAGE_STANDARD = "gnu++0x";
				CLANG_CXX_LIBRARY = "libc++";
				CLANG_ENABLE_MODULES = YES;
				CLANG_ENABLE_OBJC_ARC = YES;
				CLANG_WARN_BLOCK_CAPTURE_AUTORELEASING = YES;
				CLANG_WARN_BOOL_CONVERSION = YES;
				CLANG_WARN_COMMA = YES;
				CLANG_WARN_CONSTANT_CONVERSION = YES;
				CLANG_WARN_DEPRECATED_OBJC_IMPLEMENTATIONS = YES;
				CLANG_WARN_DIRECT_OBJC_ISA_USAGE = YES_ERROR;
				CLANG_WARN_EMPTY_BODY = YES;
				CLANG_WARN_ENUM_CONVERSION = YES;
				CLANG_WARN_INFINITE_RECURSION = YES;
				CLANG_WARN_INT_CONVERSION = YES;
				CLANG_WARN_NON_LITERAL_NULL_CONVERSION = YES;
				CLANG_WARN_OBJC_IMPLICIT_RETAIN_SELF = YES;
				CLANG_WARN_OBJC_LITERAL_CONVERSION = YES;
				CLANG_WARN_OBJC_ROOT_CLASS = YES_ERROR;
				CLANG_WARN_RANGE_LOOP_ANALYSIS = YES;
				CLANG_WARN_STRICT_PROTOTYPES = YES;
				CLANG_WARN_SUSPICIOUS_MOVE = YES;
				CLANG_WARN_UNREACHABLE_CODE = YES;
				CLANG_WARN__DUPLICATE_METHOD_MATCH = YES;
				COPY_PHASE_STRIP = NO;
				DEBUG_INFORMATION_FORMAT = "dwarf-with-dsym";
				ENABLE_NS_ASSERTIONS = NO;
				ENABLE_STRICT_OBJC_MSGSEND = YES;
				GCC_C_LANGUAGE_STANDARD = gnu99;
				GCC_NO_COMMON_BLOCKS = YES;
				GCC_WARN_64_TO_32_BIT_CONVERSION = YES;
				GCC_WARN_ABOUT_RETURN_TYPE = YES_ERROR;
				GCC_WARN_UNDECLARED_SELECTOR = YES;
				GCC_WARN_UNINITIALIZED_AUTOS = YES_AGGRESSIVE;
				GCC_WARN_UNUSED_FUNCTION = YES;
				GCC_WARN_UNUSED_VARIABLE = YES;
				IPHONEOS_DEPLOYMENT_TARGET = 9.3;
				MTL_ENABLE_DEBUG_INFO = NO;
				SDKROOT = iphoneos;
				TARGETED_DEVICE_FAMILY = "1,2";
				VALIDATE_PRODUCT = YES;
			};
			name = Release;
		};
		1DE12F991B57E2EE00DD3BBE /* Debug */ = {
			isa = XCBuildConfiguration;
			buildSettings = {
				CLANG_ENABLE_MODULES = YES;
				LD_RUNPATH_SEARCH_PATHS = "$(inherited) @executable_path/Frameworks @loader_path/Frameworks";
				OTHER_LDFLAGS = "-ObjC";
				PRODUCT_NAME = "$(TARGET_NAME)";
				SKIP_INSTALL = YES;
				SWIFT_OPTIMIZATION_LEVEL = "-Onone";
				SWIFT_VERSION = 5.0;
			};
			name = Debug;
		};
		1DE12F9A1B57E2EE00DD3BBE /* Release */ = {
			isa = XCBuildConfiguration;
			buildSettings = {
				CLANG_ENABLE_MODULES = YES;
				LD_RUNPATH_SEARCH_PATHS = "$(inherited) @executable_path/Frameworks @loader_path/Frameworks";
				OTHER_LDFLAGS = "-ObjC";
				PRODUCT_NAME = "$(TARGET_NAME)";
				SKIP_INSTALL = YES;
				SWIFT_VERSION = 5.0;
			};
			name = Release;
		};
/* End XCBuildConfiguration section */

/* Begin XCConfigurationList section */
		1DE12F7F1B57E2ED00DD3BBE /* Build configuration list for PBXProject "QueueITLib" */ = {
			isa = XCConfigurationList;
			buildConfigurations = (
				1DE12F961B57E2EE00DD3BBE /* Debug */,
				1DE12F971B57E2EE00DD3BBE /* Release */,
			);
			defaultConfigurationIsVisible = 0;
			defaultConfigurationName = Release;
		};
		1DE12F981B57E2EE00DD3BBE /* Build configuration list for PBXNativeTarget "QueueITLib" */ = {
			isa = XCConfigurationList;
			buildConfigurations = (
				1DE12F991B57E2EE00DD3BBE /* Debug */,
				1DE12F9A1B57E2EE00DD3BBE /* Release */,
			);
			defaultConfigurationIsVisible = 0;
			defaultConfigurationName = Release;
		};
/* End XCConfigurationList section */
	};
	rootObject = 1DE12F7C1B57E2EC00DD3BBE /* Project object */;
}
